// !$*UTF8*$!
{
	archiveVersion = 1;
	classes = {
	};
	objectVersion = 56;
	objects = {

/* Begin PBXBuildFile section */
		CE2195FE2ABDFE5900AE6ADD /* Tasks_swiftApp.swift in Sources */ = {isa = PBXBuildFile; fileRef = CE2195FD2ABDFE5900AE6ADD /* Tasks_swiftApp.swift */; };
		CE2196022ABDFE5A00AE6ADD /* Assets.xcassets in Resources */ = {isa = PBXBuildFile; fileRef = CE2196012ABDFE5A00AE6ADD /* Assets.xcassets */; };
		CE2196052ABDFE5A00AE6ADD /* Preview Assets.xcassets in Resources */ = {isa = PBXBuildFile; fileRef = CE2196042ABDFE5A00AE6ADD /* Preview Assets.xcassets */; };
		CE21960D2ABE040000AE6ADD /* ListView.swift in Sources */ = {isa = PBXBuildFile; fileRef = CE21960C2ABE040000AE6ADD /* ListView.swift */; };
		CE21960F2ABE084700AE6ADD /* ListRowView.swift in Sources */ = {isa = PBXBuildFile; fileRef = CE21960E2ABE084700AE6ADD /* ListRowView.swift */; };
		CE6BB5172AC35539006CE5A2 /* AddView.swift in Sources */ = {isa = PBXBuildFile; fileRef = CE6BB5162AC35538006CE5A2 /* AddView.swift */; };
		CE6BB51A2AC36D29006CE5A2 /* SmallAddButton.swift in Sources */ = {isa = PBXBuildFile; fileRef = CE6BB5192AC36D29006CE5A2 /* SmallAddButton.swift */; };
/* End PBXBuildFile section */

/* Begin PBXFileReference section */
		CE2195FA2ABDFE5900AE6ADD /* Tasks.swift.app */ = {isa = PBXFileReference; explicitFileType = wrapper.application; includeInIndex = 0; path = Tasks.swift.app; sourceTree = BUILT_PRODUCTS_DIR; };
		CE2195FD2ABDFE5900AE6ADD /* Tasks_swiftApp.swift */ = {isa = PBXFileReference; lastKnownFileType = sourcecode.swift; path = Tasks_swiftApp.swift; sourceTree = "<group>"; };
		CE2196012ABDFE5A00AE6ADD /* Assets.xcassets */ = {isa = PBXFileReference; lastKnownFileType = folder.assetcatalog; path = Assets.xcassets; sourceTree = "<group>"; };
		CE2196042ABDFE5A00AE6ADD /* Preview Assets.xcassets */ = {isa = PBXFileReference; lastKnownFileType = folder.assetcatalog; path = "Preview Assets.xcassets"; sourceTree = "<group>"; };
		CE21960C2ABE040000AE6ADD /* ListView.swift */ = {isa = PBXFileReference; lastKnownFileType = sourcecode.swift; path = ListView.swift; sourceTree = "<group>"; };
		CE21960E2ABE084700AE6ADD /* ListRowView.swift */ = {isa = PBXFileReference; lastKnownFileType = sourcecode.swift; path = ListRowView.swift; sourceTree = "<group>"; };
		CE6BB5162AC35538006CE5A2 /* AddView.swift */ = {isa = PBXFileReference; lastKnownFileType = sourcecode.swift; path = AddView.swift; sourceTree = "<group>"; };
		CE6BB5192AC36D29006CE5A2 /* SmallAddButton.swift */ = {isa = PBXFileReference; lastKnownFileType = sourcecode.swift; path = SmallAddButton.swift; sourceTree = "<group>"; };
/* End PBXFileReference section */

/* Begin PBXFrameworksBuildPhase section */
		CE2195F72ABDFE5900AE6ADD /* Frameworks */ = {
			isa = PBXFrameworksBuildPhase;
			buildActionMask = 2147483647;
			files = (
			);
			runOnlyForDeploymentPostprocessing = 0;
		};
/* End PBXFrameworksBuildPhase section */

/* Begin PBXGroup section */
		CE2195F12ABDFE5900AE6ADD = {
			isa = PBXGroup;
			children = (
				CE2195FC2ABDFE5900AE6ADD /* Tasks.swift */,
				CE2195FB2ABDFE5900AE6ADD /* Products */,
			);
			sourceTree = "<group>";
		};
		CE2195FB2ABDFE5900AE6ADD /* Products */ = {
			isa = PBXGroup;
			children = (
				CE2195FA2ABDFE5900AE6ADD /* Tasks.swift.app */,
			);
			name = Products;
			sourceTree = "<group>";
		};
		CE2195FC2ABDFE5900AE6ADD /* Tasks.swift */ = {
			isa = PBXGroup;
			children = (
				CE2195FD2ABDFE5900AE6ADD /* Tasks_swiftApp.swift */,
				CE21960B2ABE039700AE6ADD /* Views */,
				CE2196012ABDFE5A00AE6ADD /* Assets.xcassets */,
				CE2196032ABDFE5A00AE6ADD /* Preview Content */,
			);
			path = Tasks.swift;
			sourceTree = "<group>";
		};
		CE2196032ABDFE5A00AE6ADD /* Preview Content */ = {
			isa = PBXGroup;
			children = (
				CE2196042ABDFE5A00AE6ADD /* Preview Assets.xcassets */,
			);
			path = "Preview Content";
			sourceTree = "<group>";
		};
		CE21960B2ABE039700AE6ADD /* Views */ = {
			isa = PBXGroup;
			children = (
				CE6BB5182AC36D04006CE5A2 /* Components */,
				CE21960C2ABE040000AE6ADD /* ListView.swift */,
				CE21960E2ABE084700AE6ADD /* ListRowView.swift */,
				CE6BB5162AC35538006CE5A2 /* AddView.swift */,
			);
			path = Views;
			sourceTree = "<group>";
		};
		CE6BB5182AC36D04006CE5A2 /* Components */ = {
			isa = PBXGroup;
			children = (
				CE6BB5192AC36D29006CE5A2 /* SmallAddButton.swift */,
			);
			path = Components;
			sourceTree = "<group>";
		};
/* End PBXGroup section */

/* Begin PBXNativeTarget section */
		CE2195F92ABDFE5900AE6ADD /* Tasks.swift */ = {
			isa = PBXNativeTarget;
			buildConfigurationList = CE2196082ABDFE5A00AE6ADD /* Build configuration list for PBXNativeTarget "Tasks.swift" */;
			buildPhases = (
				CE2195F62ABDFE5900AE6ADD /* Sources */,
				CE2195F72ABDFE5900AE6ADD /* Frameworks */,
				CE2195F82ABDFE5900AE6ADD /* Resources */,
			);
			buildRules = (
			);
			dependencies = (
			);
			name = Tasks.swift;
			productName = Tasks.swift;
			productReference = CE2195FA2ABDFE5900AE6ADD /* Tasks.swift.app */;
			productType = "com.apple.product-type.application";
		};
/* End PBXNativeTarget section */

/* Begin PBXProject section */
		CE2195F22ABDFE5900AE6ADD /* Project object */ = {
			isa = PBXProject;
			attributes = {
				BuildIndependentTargetsInParallel = 1;
				LastSwiftUpdateCheck = 1500;
				LastUpgradeCheck = 1500;
				TargetAttributes = {
					CE2195F92ABDFE5900AE6ADD = {
						CreatedOnToolsVersion = 15.0;
					};
				};
			};
			buildConfigurationList = CE2195F52ABDFE5900AE6ADD /* Build configuration list for PBXProject "Tasks.swift" */;
			compatibilityVersion = "Xcode 14.0";
			developmentRegion = en;
			hasScannedForEncodings = 0;
			knownRegions = (
				en,
				Base,
			);
			mainGroup = CE2195F12ABDFE5900AE6ADD;
			productRefGroup = CE2195FB2ABDFE5900AE6ADD /* Products */;
			projectDirPath = "";
			projectRoot = "";
			targets = (
				CE2195F92ABDFE5900AE6ADD /* Tasks.swift */,
			);
		};
/* End PBXProject section */

/* Begin PBXResourcesBuildPhase section */
		CE2195F82ABDFE5900AE6ADD /* Resources */ = {
			isa = PBXResourcesBuildPhase;
			buildActionMask = 2147483647;
			files = (
				CE2196052ABDFE5A00AE6ADD /* Preview Assets.xcassets in Resources */,
				CE2196022ABDFE5A00AE6ADD /* Assets.xcassets in Resources */,
			);
			runOnlyForDeploymentPostprocessing = 0;
		};
/* End PBXResourcesBuildPhase section */

/* Begin PBXSourcesBuildPhase section */
		CE2195F62ABDFE5900AE6ADD /* Sources */ = {
			isa = PBXSourcesBuildPhase;
			buildActionMask = 2147483647;
			files = (
				CE6BB5172AC35539006CE5A2 /* AddView.swift in Sources */,
				CE2195FE2ABDFE5900AE6ADD /* Tasks_swiftApp.swift in Sources */,
				CE21960D2ABE040000AE6ADD /* ListView.swift in Sources */,
				CE6BB51A2AC36D29006CE5A2 /* SmallAddButton.swift in Sources */,
				CE21960F2ABE084700AE6ADD /* ListRowView.swift in Sources */,
			);
			runOnlyForDeploymentPostprocessing = 0;
		};
/* End PBXSourcesBuildPhase section */

/* Begin XCBuildConfiguration section */
		CE2196062ABDFE5A00AE6ADD /* Debug */ = {
			isa = XCBuildConfiguration;
			buildSettings = {
				ALWAYS_SEARCH_USER_PATHS = NO;
				ASSETCATALOG_COMPILER_GENERATE_SWIFT_ASSET_SYMBOL_EXTENSIONS = YES;
				CLANG_ANALYZER_NONNULL = YES;
				CLANG_ANALYZER_NUMBER_OBJECT_CONVERSION = YES_AGGRESSIVE;
				CLANG_CXX_LANGUAGE_STANDARD = "gnu++20";
				CLANG_ENABLE_MODULES = YES;
				CLANG_ENABLE_OBJC_ARC = YES;
				CLANG_ENABLE_OBJC_WEAK = YES;
				CLANG_WARN_BLOCK_CAPTURE_AUTORELEASING = YES;
				CLANG_WARN_BOOL_CONVERSION = YES;
				CLANG_WARN_COMMA = YES;
				CLANG_WARN_CONSTANT_CONVERSION = YES;
				CLANG_WARN_DEPRECATED_OBJC_IMPLEMENTATIONS = YES;
				CLANG_WARN_DIRECT_OBJC_ISA_USAGE = YES_ERROR;
				CLANG_WARN_DOCUMENTATION_COMMENTS = YES;
				CLANG_WARN_EMPTY_BODY = YES;
				CLANG_WARN_ENUM_CONVERSION = YES;
				CLANG_WARN_INFINITE_RECURSION = YES;
				CLANG_WARN_INT_CONVERSION = YES;
				CLANG_WARN_NON_LITERAL_NULL_CONVERSION = YES;
				CLANG_WARN_OBJC_IMPLICIT_RETAIN_SELF = YES;
				CLANG_WARN_OBJC_LITERAL_CONVERSION = YES;
				CLANG_WARN_OBJC_ROOT_CLASS = YES_ERROR;
				CLANG_WARN_QUOTED_INCLUDE_IN_FRAMEWORK_HEADER = YES;
				CLANG_WARN_RANGE_LOOP_ANALYSIS = YES;
				CLANG_WARN_STRICT_PROTOTYPES = YES;
				CLANG_WARN_SUSPICIOUS_MOVE = YES;
				CLANG_WARN_UNGUARDED_AVAILABILITY = YES_AGGRESSIVE;
				CLANG_WARN_UNREACHABLE_CODE = YES;
				CLANG_WARN__DUPLICATE_METHOD_MATCH = YES;
				COPY_PHASE_STRIP = NO;
				DEBUG_INFORMATION_FORMAT = dwarf;
				ENABLE_STRICT_OBJC_MSGSEND = YES;
				ENABLE_TESTABILITY = YES;
				ENABLE_USER_SCRIPT_SANDBOXING = YES;
				GCC_C_LANGUAGE_STANDARD = gnu17;
				GCC_DYNAMIC_NO_PIC = NO;
				GCC_NO_COMMON_BLOCKS = YES;
				GCC_OPTIMIZATION_LEVEL = 0;
				GCC_PREPROCESSOR_DEFINITIONS = (
					"DEBUG=1",
					"$(inherited)",
				);
				GCC_WARN_64_TO_32_BIT_CONVERSION = YES;
				GCC_WARN_ABOUT_RETURN_TYPE = YES_ERROR;
				GCC_WARN_UNDECLARED_SELECTOR = YES;
				GCC_WARN_UNINITIALIZED_AUTOS = YES_AGGRESSIVE;
				GCC_WARN_UNUSED_FUNCTION = YES;
				GCC_WARN_UNUSED_VARIABLE = YES;
				IPHONEOS_DEPLOYMENT_TARGET = 17.0;
				LOCALIZATION_PREFERS_STRING_CATALOGS = YES;
				MTL_ENABLE_DEBUG_INFO = INCLUDE_SOURCE;
				MTL_FAST_MATH = YES;
				ONLY_ACTIVE_ARCH = YES;
				SDKROOT = iphoneos;
				SWIFT_ACTIVE_COMPILATION_CONDITIONS = "DEBUG $(inherited)";
				SWIFT_OPTIMIZATION_LEVEL = "-Onone";
			};
			name = Debug;
		};
		CE2196072ABDFE5A00AE6ADD /* Release */ = {
			isa = XCBuildConfiguration;
			buildSettings = {
				ALWAYS_SEARCH_USER_PATHS = NO;
				ASSETCATALOG_COMPILER_GENERATE_SWIFT_ASSET_SYMBOL_EXTENSIONS = YES;
				CLANG_ANALYZER_NONNULL = YES;
				CLANG_ANALYZER_NUMBER_OBJECT_CONVERSION = YES_AGGRESSIVE;
				CLANG_CXX_LANGUAGE_STANDARD = "gnu++20";
				CLANG_ENABLE_MODULES = YES;
				CLANG_ENABLE_OBJC_ARC = YES;
				CLANG_ENABLE_OBJC_WEAK = YES;
				CLANG_WARN_BLOCK_CAPTURE_AUTORELEASING = YES;
				CLANG_WARN_BOOL_CONVERSION = YES;
				CLANG_WARN_COMMA = YES;
				CLANG_WARN_CONSTANT_CONVERSION = YES;
				CLANG_WARN_DEPRECATED_OBJC_IMPLEMENTATIONS = YES;
				CLANG_WARN_DIRECT_OBJC_ISA_USAGE = YES_ERROR;
				CLANG_WARN_DOCUMENTATION_COMMENTS = YES;
				CLANG_WARN_EMPTY_BODY = YES;
				CLANG_WARN_ENUM_CONVERSION = YES;
				CLANG_WARN_INFINITE_RECURSION = YES;
				CLANG_WARN_INT_CONVERSION = YES;
				CLANG_WARN_NON_LITERAL_NULL_CONVERSION = YES;
				CLANG_WARN_OBJC_IMPLICIT_RETAIN_SELF = YES;
				CLANG_WARN_OBJC_LITERAL_CONVERSION = YES;
				CLANG_WARN_OBJC_ROOT_CLASS = YES_ERROR;
				CLANG_WARN_QUOTED_INCLUDE_IN_FRAMEWORK_HEADER = YES;
				CLANG_WARN_RANGE_LOOP_ANALYSIS = YES;
				CLANG_WARN_STRICT_PROTOTYPES = YES;
				CLANG_WARN_SUSPICIOUS_MOVE = YES;
				CLANG_WARN_UNGUARDED_AVAILABILITY = YES_AGGRESSIVE;
				CLANG_WARN_UNREACHABLE_CODE = YES;
				CLANG_WARN__DUPLICATE_METHOD_MATCH = YES;
				COPY_PHASE_STRIP = NO;
				DEBUG_INFORMATION_FORMAT = "dwarf-with-dsym";
				ENABLE_NS_ASSERTIONS = NO;
				ENABLE_STRICT_OBJC_MSGSEND = YES;
				ENABLE_USER_SCRIPT_SANDBOXING = YES;
				GCC_C_LANGUAGE_STANDARD = gnu17;
				GCC_NO_COMMON_BLOCKS = YES;
				GCC_WARN_64_TO_32_BIT_CONVERSION = YES;
				GCC_WARN_ABOUT_RETURN_TYPE = YES_ERROR;
				GCC_WARN_UNDECLARED_SELECTOR = YES;
				GCC_WARN_UNINITIALIZED_AUTOS = YES_AGGRESSIVE;
				GCC_WARN_UNUSED_FUNCTION = YES;
				GCC_WARN_UNUSED_VARIABLE = YES;
				IPHONEOS_DEPLOYMENT_TARGET = 17.0;
				LOCALIZATION_PREFERS_STRING_CATALOGS = YES;
				MTL_ENABLE_DEBUG_INFO = NO;
				MTL_FAST_MATH = YES;
				SDKROOT = iphoneos;
				SWIFT_COMPILATION_MODE = wholemodule;
				VALIDATE_PRODUCT = YES;
			};
			name = Release;
		};
		CE2196092ABDFE5A00AE6ADD /* Debug */ = {
			isa = XCBuildConfiguration;
			buildSettings = {
				ASSETCATALOG_COMPILER_APPICON_NAME = AppIcon;
				ASSETCATALOG_COMPILER_GLOBAL_ACCENT_COLOR_NAME = AccentColor;
				CODE_SIGN_STYLE = Automatic;
				CURRENT_PROJECT_VERSION = 1;
				DEVELOPMENT_ASSET_PATHS = "\"Tasks.swift/Preview Content\"";
				ENABLE_PREVIEWS = YES;
				GENERATE_INFOPLIST_FILE = YES;
				INFOPLIST_KEY_UIApplicationSceneManifest_Generation = YES;
				INFOPLIST_KEY_UIApplicationSupportsIndirectInputEvents = YES;
				INFOPLIST_KEY_UILaunchScreen_Generation = YES;
				INFOPLIST_KEY_UISupportedInterfaceOrientations_iPad = "UIInterfaceOrientationPortrait UIInterfaceOrientationPortraitUpsideDown UIInterfaceOrientationLandscapeLeft UIInterfaceOrientationLandscapeRight";
				INFOPLIST_KEY_UISupportedInterfaceOrientations_iPhone = "UIInterfaceOrientationPortrait UIInterfaceOrientationLandscapeLeft UIInterfaceOrientationLandscapeRight";
				IPHONEOS_DEPLOYMENT_TARGET = 16.2;
				LD_RUNPATH_SEARCH_PATHS = (
					"$(inherited)",
					"@executable_path/Frameworks",
				);
				MARKETING_VERSION = 1.0;
				PRODUCT_BUNDLE_IDENTIFIER = "com.bernardo.Tasks-swift";
				PRODUCT_NAME = "$(TARGET_NAME)";
				SWIFT_EMIT_LOC_STRINGS = YES;
				SWIFT_VERSION = 5.0;
				TARGETED_DEVICE_FAMILY = "1,2";
			};
			name = Debug;
		};
		CE21960A2ABDFE5A00AE6ADD /* Release */ = {
			isa = XCBuildConfiguration;
			buildSettings = {
				ASSETCATALOG_COMPILER_APPICON_NAME = AppIcon;
				ASSETCATALOG_COMPILER_GLOBAL_ACCENT_COLOR_NAME = AccentColor;
				CODE_SIGN_STYLE = Automatic;
				CURRENT_PROJECT_VERSION = 1;
				DEVELOPMENT_ASSET_PATHS = "\"Tasks.swift/Preview Content\"";
				ENABLE_PREVIEWS = YES;
				GENERATE_INFOPLIST_FILE = YES;
				INFOPLIST_KEY_UIApplicationSceneManifest_Generation = YES;
				INFOPLIST_KEY_UIApplicationSupportsIndirectInputEvents = YES;
				INFOPLIST_KEY_UILaunchScreen_Generation = YES;
				INFOPLIST_KEY_UISupportedInterfaceOrientations_iPad = "UIInterfaceOrientationPortrait UIInterfaceOrientationPortraitUpsideDown UIInterfaceOrientationLandscapeLeft UIInterfaceOrientationLandscapeRight";
				INFOPLIST_KEY_UISupportedInterfaceOrientations_iPhone = "UIInterfaceOrientationPortrait UIInterfaceOrientationLandscapeLeft UIInterfaceOrientationLandscapeRight";
				IPHONEOS_DEPLOYMENT_TARGET = 16.2;
				LD_RUNPATH_SEARCH_PATHS = (
					"$(inherited)",
					"@executable_path/Frameworks",
				);
				MARKETING_VERSION = 1.0;
				PRODUCT_BUNDLE_IDENTIFIER = "com.bernardo.Tasks-swift";
				PRODUCT_NAME = "$(TARGET_NAME)";
				SWIFT_EMIT_LOC_STRINGS = YES;
				SWIFT_VERSION = 5.0;
				TARGETED_DEVICE_FAMILY = "1,2";
			};
			name = Release;
		};
/* End XCBuildConfiguration section */

/* Begin XCConfigurationList section */
		CE2195F52ABDFE5900AE6ADD /* Build configuration list for PBXProject "Tasks.swift" */ = {
			isa = XCConfigurationList;
			buildConfigurations = (
				CE2196062ABDFE5A00AE6ADD /* Debug */,
				CE2196072ABDFE5A00AE6ADD /* Release */,
			);
			defaultConfigurationIsVisible = 0;
			defaultConfigurationName = Release;
		};
		CE2196082ABDFE5A00AE6ADD /* Build configuration list for PBXNativeTarget "Tasks.swift" */ = {
			isa = XCConfigurationList;
			buildConfigurations = (
				CE2196092ABDFE5A00AE6ADD /* Debug */,
				CE21960A2ABDFE5A00AE6ADD /* Release */,
			);
			defaultConfigurationIsVisible = 0;
			defaultConfigurationName = Release;
		};
/* End XCConfigurationList section */
	};
	rootObject = CE2195F22ABDFE5900AE6ADD /* Project object */;
}
